// !$*UTF8*$!
{
	archiveVersion = 1;
	classes = {
	};
	objectVersion = 46;
	objects = {

/* Begin PBXBuildFile section */
		DE9136061BCFD6EE00CE878D /* AppDelegate.swift in Sources */ = {isa = PBXBuildFile; fileRef = DE9136051BCFD6EE00CE878D /* AppDelegate.swift */; };
		DE9136081BCFD6EE00CE878D /* ViewController.swift in Sources */ = {isa = PBXBuildFile; fileRef = DE9136071BCFD6EE00CE878D /* ViewController.swift */; };
		DE91360B1BCFD6EE00CE878D /* Main.storyboard in Resources */ = {isa = PBXBuildFile; fileRef = DE9136091BCFD6EE00CE878D /* Main.storyboard */; };
		DE91360E1BCFD6EE00CE878D /* advanced_seque.xcdatamodeld in Sources */ = {isa = PBXBuildFile; fileRef = DE91360C1BCFD6EE00CE878D /* advanced_seque.xcdatamodeld */; };
		DE9136101BCFD6EE00CE878D /* Assets.xcassets in Resources */ = {isa = PBXBuildFile; fileRef = DE91360F1BCFD6EE00CE878D /* Assets.xcassets */; };
		DE9136131BCFD6EE00CE878D /* LaunchScreen.storyboard in Resources */ = {isa = PBXBuildFile; fileRef = DE9136111BCFD6EE00CE878D /* LaunchScreen.storyboard */; };
		DE91361B1BCFD89800CE878D /* TableViewController.swift in Sources */ = {isa = PBXBuildFile; fileRef = DE91361A1BCFD89800CE878D /* TableViewController.swift */; settings = {ASSET_TAGS = (); }; };
/* End PBXBuildFile section */

/* Begin PBXFileReference section */
		DE9136021BCFD6EE00CE878D /* advanced-seque.app */ = {isa = PBXFileReference; explicitFileType = wrapper.application; includeInIndex = 0; path = "advanced-seque.app"; sourceTree = BUILT_PRODUCTS_DIR; };
		DE9136051BCFD6EE00CE878D /* AppDelegate.swift */ = {isa = PBXFileReference; lastKnownFileType = sourcecode.swift; path = AppDelegate.swift; sourceTree = "<group>"; };
		DE9136071BCFD6EE00CE878D /* ViewController.swift */ = {isa = PBXFileReference; lastKnownFileType = sourcecode.swift; path = ViewController.swift; sourceTree = "<group>"; };
		DE91360A1BCFD6EE00CE878D /* Base */ = {isa = PBXFileReference; lastKnownFileType = file.storyboard; name = Base; path = Base.lproj/Main.storyboard; sourceTree = "<group>"; };
		DE91360D1BCFD6EE00CE878D /* advanced_seque.xcdatamodel */ = {isa = PBXFileReference; lastKnownFileType = wrapper.xcdatamodel; path = advanced_seque.xcdatamodel; sourceTree = "<group>"; };
		DE91360F1BCFD6EE00CE878D /* Assets.xcassets */ = {isa = PBXFileReference; lastKnownFileType = folder.assetcatalog; path = Assets.xcassets; sourceTree = "<group>"; };
		DE9136121BCFD6EE00CE878D /* Base */ = {isa = PBXFileReference; lastKnownFileType = file.storyboard; name = Base; path = Base.lproj/LaunchScreen.storyboard; sourceTree = "<group>"; };
		DE9136141BCFD6EE00CE878D /* Info.plist */ = {isa = PBXFileReference; lastKnownFileType = text.plist.xml; path = Info.plist; sourceTree = "<group>"; };
		DE91361A1BCFD89800CE878D /* TableViewController.swift */ = {isa = PBXFileReference; fileEncoding = 4; lastKnownFileType = sourcecode.swift; path = TableViewController.swift; sourceTree = "<group>"; };
/* End PBXFileReference section */

/* Begin PBXFrameworksBuildPhase section */
		DE9135FF1BCFD6EE00CE878D /* Frameworks */ = {
			isa = PBXFrameworksBuildPhase;
			buildActionMask = 2147483647;
			files = (
			);
			runOnlyForDeploymentPostprocessing = 0;
		};
/* End PBXFrameworksBuildPhase section */

/* Begin PBXGroup section */
		DE9135F91BCFD6EE00CE878D = {
			isa = PBXGroup;
			children = (
				DE9136041BCFD6EE00CE878D /* advanced-seque */,
				DE9136031BCFD6EE00CE878D /* Products */,
			);
			sourceTree = "<group>";
		};
		DE9136031BCFD6EE00CE878D /* Products */ = {
			isa = PBXGroup;
			children = (
				DE9136021BCFD6EE00CE878D /* advanced-seque.app */,
			);
			name = Products;
			sourceTree = "<group>";
		};
		DE9136041BCFD6EE00CE878D /* advanced-seque */ = {
			isa = PBXGroup;
			children = (
				DE9136051BCFD6EE00CE878D /* AppDelegate.swift */,
				DE9136071BCFD6EE00CE878D /* ViewController.swift */,
				DE9136091BCFD6EE00CE878D /* Main.storyboard */,
				DE91361A1BCFD89800CE878D /* TableViewController.swift */,
				DE91360F1BCFD6EE00CE878D /* Assets.xcassets */,
				DE9136111BCFD6EE00CE878D /* LaunchScreen.storyboard */,
				DE9136141BCFD6EE00CE878D /* Info.plist */,
				DE91360C1BCFD6EE00CE878D /* advanced_seque.xcdatamodeld */,
			);
			path = "advanced-seque";
			sourceTree = "<group>";
		};
/* End PBXGroup section */

/* Begin PBXNativeTarget section */
		DE9136011BCFD6EE00CE878D /* advanced-seque */ = {
			isa = PBXNativeTarget;
			buildConfigurationList = DE9136171BCFD6EE00CE878D /* Build configuration list for PBXNativeTarget "advanced-seque" */;
			buildPhases = (
				DE9135FE1BCFD6EE00CE878D /* Sources */,
				DE9135FF1BCFD6EE00CE878D /* Frameworks */,
				DE9136001BCFD6EE00CE878D /* Resources */,
			);
			buildRules = (
			);
			dependencies = (
			);
			name = "advanced-seque";
			productName = "advanced-seque";
			productReference = DE9136021BCFD6EE00CE878D /* advanced-seque.app */;
			productType = "com.apple.product-type.application";
		};
/* End PBXNativeTarget section */

/* Begin PBXProject section */
		DE9135FA1BCFD6EE00CE878D /* Project object */ = {
			isa = PBXProject;
			attributes = {
				LastUpgradeCheck = 0700;
				ORGANIZATIONNAME = HashRocket;
				TargetAttributes = {
					DE9136011BCFD6EE00CE878D = {
						CreatedOnToolsVersion = 7.0.1;
					};
				};
			};
			buildConfigurationList = DE9135FD1BCFD6EE00CE878D /* Build configuration list for PBXProject "advanced-seque" */;
			compatibilityVersion = "Xcode 3.2";
			developmentRegion = English;
			hasScannedForEncodings = 0;
			knownRegions = (
				en,
				Base,
			);
			mainGroup = DE9135F91BCFD6EE00CE878D;
			productRefGroup = DE9136031BCFD6EE00CE878D /* Products */;
			projectDirPath = "";
			projectRoot = "";
			targets = (
				DE9136011BCFD6EE00CE878D /* advanced-seque */,
			);
		};
/* End PBXProject section */

/* Begin PBXResourcesBuildPhase section */
		DE9136001BCFD6EE00CE878D /* Resources */ = {
			isa = PBXResourcesBuildPhase;
			buildActionMask = 2147483647;
			files = (
				DE9136131BCFD6EE00CE878D /* LaunchScreen.storyboard in Resources */,
				DE9136101BCFD6EE00CE878D /* Assets.xcassets in Resources */,
				DE91360B1BCFD6EE00CE878D /* Main.storyboard in Resources */,
			);
			runOnlyForDeploymentPostprocessing = 0;
		};
/* End PBXResourcesBuildPhase section */

/* Begin PBXSourcesBuildPhase section */
		DE9135FE1BCFD6EE00CE878D /* Sources */ = {
			isa = PBXSourcesBuildPhase;
			buildActionMask = 2147483647;
			files = (
				DE9136081BCFD6EE00CE878D /* ViewController.swift in Sources */,
				DE91360E1BCFD6EE00CE878D /* advanced_seque.xcdatamodeld in Sources */,
				DE9136061BCFD6EE00CE878D /* AppDelegate.swift in Sources */,
				DE91361B1BCFD89800CE878D /* TableViewController.swift in Sources */,
			);
			runOnlyForDeploymentPostprocessing = 0;
		};
/* End PBXSourcesBuildPhase section */

/* Begin PBXVariantGroup section */
		DE9136091BCFD6EE00CE878D /* Main.storyboard */ = {
			isa = PBXVariantGroup;
			children = (
				DE91360A1BCFD6EE00CE878D /* Base */,
			);
			name = Main.storyboard;
			sourceTree = "<group>";
		};
		DE9136111BCFD6EE00CE878D /* LaunchScreen.storyboard */ = {
			isa = PBXVariantGroup;
			children = (
				DE9136121BCFD6EE00CE878D /* Base */,
			);
			name = LaunchScreen.storyboard;
			sourceTree = "<group>";
		};
/* End PBXVariantGroup section */

/* Begin XCBuildConfiguration section */
		DE9136151BCFD6EE00CE878D /* Debug */ = {
			isa = XCBuildConfiguration;
			buildSettings = {
				ALWAYS_SEARCH_USER_PATHS = NO;
				CLANG_CXX_LANGUAGE_STANDARD = "gnu++0x";
				CLANG_CXX_LIBRARY = "libc++";
				CLANG_ENABLE_MODULES = YES;
				CLANG_ENABLE_OBJC_ARC = YES;
				CLANG_WARN_BOOL_CONVERSION = YES;
				CLANG_WARN_CONSTANT_CONVERSION = YES;
				CLANG_WARN_DIRECT_OBJC_ISA_USAGE = YES_ERROR;
				CLANG_WARN_EMPTY_BODY = YES;
				CLANG_WARN_ENUM_CONVERSION = YES;
				CLANG_WARN_INT_CONVERSION = YES;
				CLANG_WARN_OBJC_ROOT_CLASS = YES_ERROR;
				CLANG_WARN_UNREACHABLE_CODE = YES;
				CLANG_WARN__DUPLICATE_METHOD_MATCH = YES;
				"CODE_SIGN_IDENTITY[sdk=iphoneos*]" = "iPhone Developer";
				COPY_PHASE_STRIP = NO;
				DEBUG_INFORMATION_FORMAT = dwarf;
				ENABLE_STRICT_OBJC_MSGSEND = YES;
				ENABLE_TESTABILITY = YES;
				GCC_C_LANGUAGE_STANDARD = gnu99;
				GCC_DYNAMIC_NO_PIC = NO;
				GCC_NO_COMMON_BLOCKS = YES;
				GCC_OPTIMIZATION_LEVEL = 0;
				GCC_PREPROCESSOR_DEFINITIONS = (
					"DEBUG=1",
					"$(inherited)",
				);
				GCC_WARN_64_TO_32_BIT_CONVERSION = YES;
				GCC_WARN_ABOUT_RETURN_TYPE = YES_ERROR;
				GCC_WARN_UNDECLARED_SELECTOR = YES;
				GCC_WARN_UNINITIALIZED_AUTOS = YES_AGGRESSIVE;
				GCC_WARN_UNUSED_FUNCTION = YES;
				GCC_WARN_UNUSED_VARIABLE = YES;
				IPHONEOS_DEPLOYMENT_TARGET = 9.0;
				MTL_ENABLE_DEBUG_INFO = YES;
				ONLY_ACTIVE_ARCH = YES;
				SDKROOT = iphoneos;
				SWIFT_OPTIMIZATION_LEVEL = "-Onone";
			};
			name = Debug;
		};
		DE9136161BCFD6EE00CE878D /* Release */ = {
			isa = XCBuildConfiguration;
			buildSettings = {
				ALWAYS_SEARCH_USER_PATHS = NO;
				CLANG_CXX_LANGUAGE_STANDARD = "gnu++0x";
				CLANG_CXX_LIBRARY = "libc++";
				CLANG_ENABLE_MODULES = YES;
				CLANG_ENABLE_OBJC_ARC = YES;
				CLANG_WARN_BOOL_CONVERSION = YES;
				CLANG_WARN_CONSTANT_CONVERSION = YES;
				CLANG_WARN_DIRECT_OBJC_ISA_USAGE = YES_ERROR;
				CLANG_WARN_EMPTY_BODY = YES;
				CLANG_WARN_ENUM_CONVERSION = YES;
				CLANG_WARN_INT_CONVERSION = YES;
				CLANG_WARN_OBJC_ROOT_CLASS = YES_ERROR;
				CLANG_WARN_UNREACHABLE_CODE = YES;
				CLANG_WARN__DUPLICATE_METHOD_MATCH = YES;
				"CODE_SIGN_IDENTITY[sdk=iphoneos*]" = "iPhone Developer";
				COPY_PHASE_STRIP = NO;
				DEBUG_INFORMATION_FORMAT = "dwarf-with-dsym";
				ENABLE_NS_ASSERTIONS = NO;
				ENABLE_STRICT_OBJC_MSGSEND = YES;
				GCC_C_LANGUAGE_STANDARD = gnu99;
				GCC_NO_COMMON_BLOCKS = YES;
				GCC_WARN_64_TO_32_BIT_CONVERSION = YES;
				GCC_WARN_ABOUT_RETURN_TYPE = YES_ERROR;
				GCC_WARN_UNDECLARED_SELECTOR = YES;
				GCC_WARN_UNINITIALIZED_AUTOS = YES_AGGRESSIVE;
				GCC_WARN_UNUSED_FUNCTION = YES;
				GCC_WARN_UNUSED_VARIABLE = YES;
				IPHONEOS_DEPLOYMENT_TARGET = 9.0;
				MTL_ENABLE_DEBUG_INFO = NO;
				SDKROOT = iphoneos;
				VALIDATE_PRODUCT = YES;
			};
			name = Release;
		};
		DE9136181BCFD6EE00CE878D /* Debug */ = {
			isa = XCBuildConfiguration;
			buildSettings = {
				ASSETCATALOG_COMPILER_APPICON_NAME = AppIcon;
				INFOPLIST_FILE = "advanced-seque/Info.plist";
				LD_RUNPATH_SEARCH_PATHS = "$(inherited) @executable_path/Frameworks";
				PRODUCT_BUNDLE_IDENTIFIER = "Open-Sky-Media--LLC.advanced-seque";
				PRODUCT_NAME = "$(TARGET_NAME)";
			};
			name = Debug;
		};
		DE9136191BCFD6EE00CE878D /* Release */ = {
			isa = XCBuildConfiguration;
			buildSettings = {
				ASSETCATALOG_COMPILER_APPICON_NAME = AppIcon;
				INFOPLIST_FILE = "advanced-seque/Info.plist";
				LD_RUNPATH_SEARCH_PATHS = "$(inherited) @executable_path/Frameworks";
				PRODUCT_BUNDLE_IDENTIFIER = "Open-Sky-Media--LLC.advanced-seque";
				PRODUCT_NAME = "$(TARGET_NAME)";
			};
			name = Release;
		};
/* End XCBuildConfiguration section */

/* Begin XCConfigurationList section */
		DE9135FD1BCFD6EE00CE878D /* Build configuration list for PBXProject "advanced-seque" */ = {
			isa = XCConfigurationList;
			buildConfigurations = (
				DE9136151BCFD6EE00CE878D /* Debug */,
				DE9136161BCFD6EE00CE878D /* Release */,
			);
			defaultConfigurationIsVisible = 0;
			defaultConfigurationName = Release;
		};
		DE9136171BCFD6EE00CE878D /* Build configuration list for PBXNativeTarget "advanced-seque" */ = {
			isa = XCConfigurationList;
			buildConfigurations = (
				DE9136181BCFD6EE00CE878D /* Debug */,
				DE9136191BCFD6EE00CE878D /* Release */,
			);
			defaultConfigurationIsVisible = 0;
		};
/* End XCConfigurationList section */

/* Begin XCVersionGroup section */
		DE91360C1BCFD6EE00CE878D /* advanced_seque.xcdatamodeld */ = {
			isa = XCVersionGroup;
			children = (
				DE91360D1BCFD6EE00CE878D /* advanced_seque.xcdatamodel */,
			);
			currentVersion = DE91360D1BCFD6EE00CE878D /* advanced_seque.xcdatamodel */;
			path = advanced_seque.xcdatamodeld;
			sourceTree = "<group>";
			versionGroupType = wrapper.xcdatamodel;
		};
/* End XCVersionGroup section */
	};
	rootObject = DE9135FA1BCFD6EE00CE878D /* Project object */;
}
